# THIS IS AN AUTOGENERATED FILE. DO NOT EDIT THIS FILE DIRECTLY.
# yarn lockfile v1


phaser-ce@^2.16.0:
  version "2.16.0"
  resolved "https://registry.yarnpkg.com/phaser-ce/-/phaser-ce-2.16.0.tgz#44d5240826425ea3b737c9c34e5d8b79d9209f66"
  integrity sha512-bnDBm/+j6uGI7TGfLUxgfRuyKDgD+eRHcUvNNlLa/9ZA9DlVB0xGdcLPwLanZoliRWpnoxyyov8VzZNDM4NtzA==

typescript-cli@^0.1.0:
  version "0.1.0"
  resolved "https://registry.yarnpkg.com/typescript-cli/-/typescript-cli-0.1.0.tgz#af4bf326a5048db85c74781fba6699fa88cdde3d"
  integrity sha512-BRJ2ElQ2/3J7pkRDreosdQ16EIiu2HgorsYy34PCnKRxOuHFwYFNNmwgO54ihy3AkMHBfgFQi9kjB7892SB1Ig==

typescript@^4.0.2:
  version "4.0.2"
  resolved "https://registry.yarnpkg.com/typescript/-/typescript-4.0.2.tgz#7ea7c88777c723c681e33bf7988be5d008d05ac2"
  integrity sha512-e4ERvRV2wb+rRZ/IQeb3jm2VxBsirQLpQhdxplZ2MEzGvDkkMmPglecnNDfSUBivMjP93vRbngYYDQqQ/78bcQ==
